
Microsoft Visual Studio Solution File, Format Version 11.00
# Visual Studio 2010
Project("{8BC9CEB8-8B4A-11D0-8D11-00A0C91BC942}") = "WerewolfinSpace", "WerewolfinSpace\WerewolfinSpace.vcxproj", "{AE4B4044-B929-4E4F-B2C3-821B112E50C8}"
EndProject
Project("{54435603-DBB4-11D2-8724-00A0C9A8B90C}") = "Setup", "Setup\Setup.vdproj", "{1A38B004-6A8F-4352-BACE-A45A3B8F04FF}"
EndProject
Global
	GlobalSection(SolutionConfigurationPlatforms) = preSolution
		Debug|Win32 = Debug|Win32
		Release|Win32 = Release|Win32
	EndGlobalSection
	GlobalSection(ProjectConfigurationPlatforms) = postSolution
		{AE4B4044-B929-4E4F-B2C3-821B112E50C8}.Debug|Win32.ActiveCfg = Debug|Win32
		{AE4B4044-B929-4E4F-B2C3-821B112E50C8}.Debug|Win32.Build.0 = Debug|Win32
		{AE4B4044-B929-4E4F-B2C3-821B112E50C8}.Release|Win32.ActiveCfg = Release|Win32
		{AE4B4044-B929-4E4F-B2C3-821B112E50C8}.Release|Win32.Build.0 = Release|Win32
		{1A38B004-6A8F-4352-BACE-A45A3B8F04FF}.Debug|Win32.ActiveCfg = Debug
		{1A38B004-6A8F-4352-BACE-A45A3B8F04FF}.Release|Win32.ActiveCfg = Release
	EndGlobalSection
	GlobalSection(SolutionProperties) = preSolution
		HideSolutionNode = FALSE
	EndGlobalSection
EndGlobal
